// !$*UTF8*$!
{
	archiveVersion = 1;
	classes = {
	};
	objectVersion = 50;
	objects = {

/* Begin PBXBuildFile section */
		84B6DBFB2603C62500972590 /* userData.swift in Sources */ = {isa = PBXBuildFile; fileRef = 84B6DBFA2603C62500972590 /* userData.swift */; };
		84B6DBFF2603C76700972590 /* DataErrorType.swift in Sources */ = {isa = PBXBuildFile; fileRef = 84B6DBFE2603C76700972590 /* DataErrorType.swift */; };
		84B6DC202603EC7F00972590 /* printFunctions.swift in Sources */ = {isa = PBXBuildFile; fileRef = 84B6DC1F2603EC7F00972590 /* printFunctions.swift */; };
		84B9444D26027F1400D40A39 /* Library.swift in Sources */ = {isa = PBXBuildFile; fileRef = 84B9444C26027F1400D40A39 /* Library.swift */; };
		84B94452260282D700D40A39 /* LibraryErrorType.swift in Sources */ = {isa = PBXBuildFile; fileRef = 84B94451260282D700D40A39 /* LibraryErrorType.swift */; };
		84B9445A26028A7300D40A39 /* Artists.swift in Sources */ = {isa = PBXBuildFile; fileRef = 84B9445926028A7300D40A39 /* Artists.swift */; };
		84B9445D26028C5700D40A39 /* ArtistErrorType.swift in Sources */ = {isa = PBXBuildFile; fileRef = 84B9445C26028C5700D40A39 /* ArtistErrorType.swift */; };
		84C0DBAA2601390A00E76591 /* menuFunctions.swift in Sources */ = {isa = PBXBuildFile; fileRef = 84C0DBA92601390A00E76591 /* menuFunctions.swift */; };
		84C0DBAF2601395900E76591 /* choicesEnum.swift in Sources */ = {isa = PBXBuildFile; fileRef = 84C0DBAE2601395900E76591 /* choicesEnum.swift */; };
		84C0DBB526013A4300E76591 /* MenuErrorType.swift in Sources */ = {isa = PBXBuildFile; fileRef = 84C0DBB426013A4300E76591 /* MenuErrorType.swift */; };
		84C0DBBA2601417400E76591 /* clearTerminal.swift in Sources */ = {isa = PBXBuildFile; fileRef = 84C0DBB92601417400E76591 /* clearTerminal.swift */; };
		84C0DBC02601460E00E76591 /* searchHandlers.swift in Sources */ = {isa = PBXBuildFile; fileRef = 84C0DBBF2601460E00E76591 /* searchHandlers.swift */; };
		84C0DBC32601499D00E76591 /* removeUnderlines.swift in Sources */ = {isa = PBXBuildFile; fileRef = 84C0DBC22601499D00E76591 /* removeUnderlines.swift */; };
		84C0DBC72601528E00E76591 /* errorHandlers.swift in Sources */ = {isa = PBXBuildFile; fileRef = 84C0DBC62601528E00E76591 /* errorHandlers.swift */; };
		890FC56A26012D9700D291D8 /* main.swift in Sources */ = {isa = PBXBuildFile; fileRef = 890FC56926012D9700D291D8 /* main.swift */; };
		892A09C9260293A100FCD289 /* getRandomDate.swift in Sources */ = {isa = PBXBuildFile; fileRef = 892A09C8260293A100FCD289 /* getRandomDate.swift */; };
		892A09D02602C0FB00FCD289 /* readLine.swift in Sources */ = {isa = PBXBuildFile; fileRef = 892A09CF2602C0FB00FCD289 /* readLine.swift */; };
		8956CE2C260139E0006A0FB7 /* Song.swift in Sources */ = {isa = PBXBuildFile; fileRef = 8956CE2B260139E0006A0FB7 /* Song.swift */; };
		8956CE2F26013A20006A0FB7 /* ArtistModel.swift in Sources */ = {isa = PBXBuildFile; fileRef = 8956CE2E26013A20006A0FB7 /* ArtistModel.swift */; };
		8956CE33260144D1006A0FB7 /* PrintableProtocol.swift in Sources */ = {isa = PBXBuildFile; fileRef = 8956CE32260144D1006A0FB7 /* PrintableProtocol.swift */; };
/* End PBXBuildFile section */

/* Begin PBXCopyFilesBuildPhase section */
		890FC56426012D9700D291D8 /* CopyFiles */ = {
			isa = PBXCopyFilesBuildPhase;
			buildActionMask = 2147483647;
			dstPath = /usr/share/man/man1/;
			dstSubfolderSpec = 0;
			files = (
			);
			runOnlyForDeploymentPostprocessing = 1;
		};
/* End PBXCopyFilesBuildPhase section */

/* Begin PBXFileReference section */
		84B6DBFA2603C62500972590 /* userData.swift */ = {isa = PBXFileReference; lastKnownFileType = sourcecode.swift; path = userData.swift; sourceTree = "<group>"; };
		84B6DBFE2603C76700972590 /* DataErrorType.swift */ = {isa = PBXFileReference; lastKnownFileType = sourcecode.swift; path = DataErrorType.swift; sourceTree = "<group>"; };
		84B6DC1F2603EC7F00972590 /* printFunctions.swift */ = {isa = PBXFileReference; lastKnownFileType = sourcecode.swift; path = printFunctions.swift; sourceTree = "<group>"; };
		84B9444C26027F1400D40A39 /* Library.swift */ = {isa = PBXFileReference; lastKnownFileType = sourcecode.swift; path = Library.swift; sourceTree = "<group>"; };
		84B94451260282D700D40A39 /* LibraryErrorType.swift */ = {isa = PBXFileReference; lastKnownFileType = sourcecode.swift; path = LibraryErrorType.swift; sourceTree = "<group>"; };
		84B9445926028A7300D40A39 /* Artists.swift */ = {isa = PBXFileReference; lastKnownFileType = sourcecode.swift; path = Artists.swift; sourceTree = "<group>"; };
		84B9445C26028C5700D40A39 /* ArtistErrorType.swift */ = {isa = PBXFileReference; lastKnownFileType = sourcecode.swift; path = ArtistErrorType.swift; sourceTree = "<group>"; };
		84C0DBA92601390A00E76591 /* menuFunctions.swift */ = {isa = PBXFileReference; lastKnownFileType = sourcecode.swift; path = menuFunctions.swift; sourceTree = "<group>"; };
		84C0DBAE2601395900E76591 /* choicesEnum.swift */ = {isa = PBXFileReference; lastKnownFileType = sourcecode.swift; path = choicesEnum.swift; sourceTree = "<group>"; };
		84C0DBB426013A4300E76591 /* MenuErrorType.swift */ = {isa = PBXFileReference; lastKnownFileType = sourcecode.swift; path = MenuErrorType.swift; sourceTree = "<group>"; };
		84C0DBB92601417400E76591 /* clearTerminal.swift */ = {isa = PBXFileReference; lastKnownFileType = sourcecode.swift; path = clearTerminal.swift; sourceTree = "<group>"; };
		84C0DBBF2601460E00E76591 /* searchHandlers.swift */ = {isa = PBXFileReference; lastKnownFileType = sourcecode.swift; path = searchHandlers.swift; sourceTree = "<group>"; };
		84C0DBC22601499D00E76591 /* removeUnderlines.swift */ = {isa = PBXFileReference; lastKnownFileType = sourcecode.swift; path = removeUnderlines.swift; sourceTree = "<group>"; };
		84C0DBC62601528E00E76591 /* errorHandlers.swift */ = {isa = PBXFileReference; lastKnownFileType = sourcecode.swift; path = errorHandlers.swift; sourceTree = "<group>"; };
		890FC56626012D9700D291D8 /* BuyTunes */ = {isa = PBXFileReference; explicitFileType = "compiled.mach-o.executable"; includeInIndex = 0; path = BuyTunes; sourceTree = BUILT_PRODUCTS_DIR; };
		890FC56926012D9700D291D8 /* main.swift */ = {isa = PBXFileReference; lastKnownFileType = sourcecode.swift; path = main.swift; sourceTree = "<group>"; };
		892A09C8260293A100FCD289 /* getRandomDate.swift */ = {isa = PBXFileReference; lastKnownFileType = sourcecode.swift; path = getRandomDate.swift; sourceTree = "<group>"; };
		892A09CF2602C0FB00FCD289 /* readLine.swift */ = {isa = PBXFileReference; lastKnownFileType = sourcecode.swift; path = readLine.swift; sourceTree = "<group>"; };
		8956CE2B260139E0006A0FB7 /* Song.swift */ = {isa = PBXFileReference; lastKnownFileType = sourcecode.swift; path = Song.swift; sourceTree = "<group>"; };
		8956CE2E26013A20006A0FB7 /* ArtistModel.swift */ = {isa = PBXFileReference; lastKnownFileType = sourcecode.swift; path = ArtistModel.swift; sourceTree = "<group>"; };
		8956CE32260144D1006A0FB7 /* PrintableProtocol.swift */ = {isa = PBXFileReference; lastKnownFileType = sourcecode.swift; path = PrintableProtocol.swift; sourceTree = "<group>"; };
/* End PBXFileReference section */

/* Begin PBXFrameworksBuildPhase section */
		890FC56326012D9700D291D8 /* Frameworks */ = {
			isa = PBXFrameworksBuildPhase;
			buildActionMask = 2147483647;
			files = (
			);
			runOnlyForDeploymentPostprocessing = 0;
		};
/* End PBXFrameworksBuildPhase section */

/* Begin PBXGroup section */
		84B9444F260282C000D40A39 /* Errors */ = {
			isa = PBXGroup;
			children = (
				84C0DBB426013A4300E76591 /* MenuErrorType.swift */,
				84B94451260282D700D40A39 /* LibraryErrorType.swift */,
				84B9445C26028C5700D40A39 /* ArtistErrorType.swift */,
				84B6DBFE2603C76700972590 /* DataErrorType.swift */,
			);
			path = Errors;
			sourceTree = "<group>";
		};
		84C0DBAC2601391A00E76591 /* Menu */ = {
			isa = PBXGroup;
			children = (
				84C0DBA92601390A00E76591 /* menuFunctions.swift */,
				84C0DBAE2601395900E76591 /* choicesEnum.swift */,
				84B6DC1F2603EC7F00972590 /* printFunctions.swift */,
			);
			path = Menu;
			sourceTree = "<group>";
		};
		84C0DBB82601416A00E76591 /* Shared */ = {
			isa = PBXGroup;
			children = (
				84C0DBB92601417400E76591 /* clearTerminal.swift */,
				84C0DBC22601499D00E76591 /* removeUnderlines.swift */,
				892A09C8260293A100FCD289 /* getRandomDate.swift */,
				892A09CF2602C0FB00FCD289 /* readLine.swift */,
				84B6DBFA2603C62500972590 /* userData.swift */,
			);
			path = Shared;
			sourceTree = "<group>";
		};
		84C0DBC9260152A900E76591 /* Handlers */ = {
			isa = PBXGroup;
			children = (
				84C0DBC62601528E00E76591 /* errorHandlers.swift */,
				84C0DBBF2601460E00E76591 /* searchHandlers.swift */,
			);
			path = Handlers;
			sourceTree = "<group>";
		};
		890FC55D26012D9700D291D8 = {
			isa = PBXGroup;
			children = (
				890FC56826012D9700D291D8 /* BuyTunes */,
				890FC56726012D9700D291D8 /* Products */,
			);
			sourceTree = "<group>";
		};
		890FC56726012D9700D291D8 /* Products */ = {
			isa = PBXGroup;
			children = (
				890FC56626012D9700D291D8 /* BuyTunes */,
			);
			name = Products;
			sourceTree = "<group>";
		};
		890FC56826012D9700D291D8 /* BuyTunes */ = {
			isa = PBXGroup;
			children = (
				84B9444F260282C000D40A39 /* Errors */,
				8956CE31260144C0006A0FB7 /* Protocols */,
				8956CE2A26013970006A0FB7 /* Models */,
				84C0DBC9260152A900E76591 /* Handlers */,
				84C0DBB82601416A00E76591 /* Shared */,
				890FC56926012D9700D291D8 /* main.swift */,
				84C0DBAC2601391A00E76591 /* Menu */,
			);
			path = BuyTunes;
			sourceTree = "<group>";
		};
		8956CE2A26013970006A0FB7 /* Models */ = {
			isa = PBXGroup;
			children = (
				8956CE2B260139E0006A0FB7 /* Song.swift */,
				8956CE2E26013A20006A0FB7 /* ArtistModel.swift */,
				84B9444C26027F1400D40A39 /* Library.swift */,
				84B9445926028A7300D40A39 /* Artists.swift */,
			);
			path = Models;
			sourceTree = "<group>";
		};
		8956CE31260144C0006A0FB7 /* Protocols */ = {
			isa = PBXGroup;
			children = (
				8956CE32260144D1006A0FB7 /* PrintableProtocol.swift */,
			);
			path = Protocols;
			sourceTree = "<group>";
		};
/* End PBXGroup section */

/* Begin PBXNativeTarget section */
		890FC56526012D9700D291D8 /* BuyTunes */ = {
			isa = PBXNativeTarget;
			buildConfigurationList = 890FC56D26012D9700D291D8 /* Build configuration list for PBXNativeTarget "BuyTunes" */;
			buildPhases = (
				890FC56226012D9700D291D8 /* Sources */,
				890FC56326012D9700D291D8 /* Frameworks */,
				890FC56426012D9700D291D8 /* CopyFiles */,
			);
			buildRules = (
			);
			dependencies = (
			);
			name = BuyTunes;
			productName = BuyTunes;
			productReference = 890FC56626012D9700D291D8 /* BuyTunes */;
			productType = "com.apple.product-type.tool";
		};
/* End PBXNativeTarget section */

/* Begin PBXProject section */
		890FC55E26012D9700D291D8 /* Project object */ = {
			isa = PBXProject;
			attributes = {
				LastSwiftUpdateCheck = 1240;
				LastUpgradeCheck = 1240;
				TargetAttributes = {
					890FC56526012D9700D291D8 = {
						CreatedOnToolsVersion = 12.4;
					};
				};
			};
			buildConfigurationList = 890FC56126012D9700D291D8 /* Build configuration list for PBXProject "BuyTunes" */;
			compatibilityVersion = "Xcode 9.3";
			developmentRegion = en;
			hasScannedForEncodings = 0;
			knownRegions = (
				en,
				Base,
			);
			mainGroup = 890FC55D26012D9700D291D8;
			productRefGroup = 890FC56726012D9700D291D8 /* Products */;
			projectDirPath = "";
			projectRoot = "";
			targets = (
				890FC56526012D9700D291D8 /* BuyTunes */,
			);
		};
/* End PBXProject section */

/* Begin PBXSourcesBuildPhase section */
		890FC56226012D9700D291D8 /* Sources */ = {
			isa = PBXSourcesBuildPhase;
			buildActionMask = 2147483647;
			files = (
				8956CE2F26013A20006A0FB7 /* ArtistModel.swift in Sources */,
				8956CE33260144D1006A0FB7 /* PrintableProtocol.swift in Sources */,
				84B6DBFB2603C62500972590 /* userData.swift in Sources */,
				84B9445A26028A7300D40A39 /* Artists.swift in Sources */,
				8956CE2C260139E0006A0FB7 /* Song.swift in Sources */,
				84C0DBC32601499D00E76591 /* removeUnderlines.swift in Sources */,
				84B9445D26028C5700D40A39 /* ArtistErrorType.swift in Sources */,
				84C0DBC72601528E00E76591 /* errorHandlers.swift in Sources */,
				84B94452260282D700D40A39 /* LibraryErrorType.swift in Sources */,
				84C0DBAA2601390A00E76591 /* menuFunctions.swift in Sources */,
				84C0DBAF2601395900E76591 /* choicesEnum.swift in Sources */,
				892A09D02602C0FB00FCD289 /* readLine.swift in Sources */,
				84B9444D26027F1400D40A39 /* Library.swift in Sources */,
				84C0DBB526013A4300E76591 /* MenuErrorType.swift in Sources */,
				84B6DBFF2603C76700972590 /* DataErrorType.swift in Sources */,
				890FC56A26012D9700D291D8 /* main.swift in Sources */,
				892A09C9260293A100FCD289 /* getRandomDate.swift in Sources */,
				84B6DC202603EC7F00972590 /* printFunctions.swift in Sources */,
				84C0DBC02601460E00E76591 /* searchHandlers.swift in Sources */,
				84C0DBBA2601417400E76591 /* clearTerminal.swift in Sources */,
			);
			runOnlyForDeploymentPostprocessing = 0;
		};
/* End PBXSourcesBuildPhase section */

/* Begin XCBuildConfiguration section */
		890FC56B26012D9700D291D8 /* Debug */ = {
			isa = XCBuildConfiguration;
			buildSettings = {
				ALWAYS_SEARCH_USER_PATHS = NO;
				CLANG_ANALYZER_NONNULL = YES;
				CLANG_ANALYZER_NUMBER_OBJECT_CONVERSION = YES_AGGRESSIVE;
				CLANG_CXX_LANGUAGE_STANDARD = "gnu++14";
				CLANG_CXX_LIBRARY = "libc++";
				CLANG_ENABLE_MODULES = YES;
				CLANG_ENABLE_OBJC_ARC = YES;
				CLANG_ENABLE_OBJC_WEAK = YES;
				CLANG_WARN_BLOCK_CAPTURE_AUTORELEASING = YES;
				CLANG_WARN_BOOL_CONVERSION = YES;
				CLANG_WARN_COMMA = YES;
				CLANG_WARN_CONSTANT_CONVERSION = YES;
				CLANG_WARN_DEPRECATED_OBJC_IMPLEMENTATIONS = YES;
				CLANG_WARN_DIRECT_OBJC_ISA_USAGE = YES_ERROR;
				CLANG_WARN_DOCUMENTATION_COMMENTS = YES;
				CLANG_WARN_EMPTY_BODY = YES;
				CLANG_WARN_ENUM_CONVERSION = YES;
				CLANG_WARN_INFINITE_RECURSION = YES;
				CLANG_WARN_INT_CONVERSION = YES;
				CLANG_WARN_NON_LITERAL_NULL_CONVERSION = YES;
				CLANG_WARN_OBJC_IMPLICIT_RETAIN_SELF = YES;
				CLANG_WARN_OBJC_LITERAL_CONVERSION = YES;
				CLANG_WARN_OBJC_ROOT_CLASS = YES_ERROR;
				CLANG_WARN_QUOTED_INCLUDE_IN_FRAMEWORK_HEADER = YES;
				CLANG_WARN_RANGE_LOOP_ANALYSIS = YES;
				CLANG_WARN_STRICT_PROTOTYPES = YES;
				CLANG_WARN_SUSPICIOUS_MOVE = YES;
				CLANG_WARN_UNGUARDED_AVAILABILITY = YES_AGGRESSIVE;
				CLANG_WARN_UNREACHABLE_CODE = YES;
				CLANG_WARN__DUPLICATE_METHOD_MATCH = YES;
				COPY_PHASE_STRIP = NO;
				DEBUG_INFORMATION_FORMAT = dwarf;
				ENABLE_STRICT_OBJC_MSGSEND = YES;
				ENABLE_TESTABILITY = YES;
				GCC_C_LANGUAGE_STANDARD = gnu11;
				GCC_DYNAMIC_NO_PIC = NO;
				GCC_NO_COMMON_BLOCKS = YES;
				GCC_OPTIMIZATION_LEVEL = 0;
				GCC_PREPROCESSOR_DEFINITIONS = (
					"DEBUG=1",
					"$(inherited)",
				);
				GCC_WARN_64_TO_32_BIT_CONVERSION = YES;
				GCC_WARN_ABOUT_RETURN_TYPE = YES_ERROR;
				GCC_WARN_UNDECLARED_SELECTOR = YES;
				GCC_WARN_UNINITIALIZED_AUTOS = YES_AGGRESSIVE;
				GCC_WARN_UNUSED_FUNCTION = YES;
				GCC_WARN_UNUSED_VARIABLE = YES;
				MACOSX_DEPLOYMENT_TARGET = 11.1;
				MTL_ENABLE_DEBUG_INFO = INCLUDE_SOURCE;
				MTL_FAST_MATH = YES;
				ONLY_ACTIVE_ARCH = YES;
				SDKROOT = macosx;
				SWIFT_ACTIVE_COMPILATION_CONDITIONS = DEBUG;
				SWIFT_OPTIMIZATION_LEVEL = "-Onone";
			};
			name = Debug;
		};
		890FC56C26012D9700D291D8 /* Release */ = {
			isa = XCBuildConfiguration;
			buildSettings = {
				ALWAYS_SEARCH_USER_PATHS = NO;
				CLANG_ANALYZER_NONNULL = YES;
				CLANG_ANALYZER_NUMBER_OBJECT_CONVERSION = YES_AGGRESSIVE;
				CLANG_CXX_LANGUAGE_STANDARD = "gnu++14";
				CLANG_CXX_LIBRARY = "libc++";
				CLANG_ENABLE_MODULES = YES;
				CLANG_ENABLE_OBJC_ARC = YES;
				CLANG_ENABLE_OBJC_WEAK = YES;
				CLANG_WARN_BLOCK_CAPTURE_AUTORELEASING = YES;
				CLANG_WARN_BOOL_CONVERSION = YES;
				CLANG_WARN_COMMA = YES;
				CLANG_WARN_CONSTANT_CONVERSION = YES;
				CLANG_WARN_DEPRECATED_OBJC_IMPLEMENTATIONS = YES;
				CLANG_WARN_DIRECT_OBJC_ISA_USAGE = YES_ERROR;
				CLANG_WARN_DOCUMENTATION_COMMENTS = YES;
				CLANG_WARN_EMPTY_BODY = YES;
				CLANG_WARN_ENUM_CONVERSION = YES;
				CLANG_WARN_INFINITE_RECURSION = YES;
				CLANG_WARN_INT_CONVERSION = YES;
				CLANG_WARN_NON_LITERAL_NULL_CONVERSION = YES;
				CLANG_WARN_OBJC_IMPLICIT_RETAIN_SELF = YES;
				CLANG_WARN_OBJC_LITERAL_CONVERSION = YES;
				CLANG_WARN_OBJC_ROOT_CLASS = YES_ERROR;
				CLANG_WARN_QUOTED_INCLUDE_IN_FRAMEWORK_HEADER = YES;
				CLANG_WARN_RANGE_LOOP_ANALYSIS = YES;
				CLANG_WARN_STRICT_PROTOTYPES = YES;
				CLANG_WARN_SUSPICIOUS_MOVE = YES;
				CLANG_WARN_UNGUARDED_AVAILABILITY = YES_AGGRESSIVE;
				CLANG_WARN_UNREACHABLE_CODE = YES;
				CLANG_WARN__DUPLICATE_METHOD_MATCH = YES;
				COPY_PHASE_STRIP = NO;
				DEBUG_INFORMATION_FORMAT = "dwarf-with-dsym";
				ENABLE_NS_ASSERTIONS = NO;
				ENABLE_STRICT_OBJC_MSGSEND = YES;
				GCC_C_LANGUAGE_STANDARD = gnu11;
				GCC_NO_COMMON_BLOCKS = YES;
				GCC_WARN_64_TO_32_BIT_CONVERSION = YES;
				GCC_WARN_ABOUT_RETURN_TYPE = YES_ERROR;
				GCC_WARN_UNDECLARED_SELECTOR = YES;
				GCC_WARN_UNINITIALIZED_AUTOS = YES_AGGRESSIVE;
				GCC_WARN_UNUSED_FUNCTION = YES;
				GCC_WARN_UNUSED_VARIABLE = YES;
				MACOSX_DEPLOYMENT_TARGET = 11.1;
				MTL_ENABLE_DEBUG_INFO = NO;
				MTL_FAST_MATH = YES;
				SDKROOT = macosx;
				SWIFT_COMPILATION_MODE = wholemodule;
				SWIFT_OPTIMIZATION_LEVEL = "-O";
			};
			name = Release;
		};
		890FC56E26012D9700D291D8 /* Debug */ = {
			isa = XCBuildConfiguration;
			buildSettings = {
				CODE_SIGN_STYLE = Automatic;
				DEVELOPMENT_TEAM = 8HS35WKYD8;
				ENABLE_HARDENED_RUNTIME = YES;
				PRODUCT_NAME = "$(TARGET_NAME)";
				SWIFT_VERSION = 5.0;
			};
			name = Debug;
		};
		890FC56F26012D9700D291D8 /* Release */ = {
			isa = XCBuildConfiguration;
			buildSettings = {
				CODE_SIGN_STYLE = Automatic;
				DEVELOPMENT_TEAM = 8HS35WKYD8;
				ENABLE_HARDENED_RUNTIME = YES;
				PRODUCT_NAME = "$(TARGET_NAME)";
				SWIFT_VERSION = 5.0;
			};
			name = Release;
		};
/* End XCBuildConfiguration section */

/* Begin XCConfigurationList section */
		890FC56126012D9700D291D8 /* Build configuration list for PBXProject "BuyTunes" */ = {
			isa = XCConfigurationList;
			buildConfigurations = (
				890FC56B26012D9700D291D8 /* Debug */,
				890FC56C26012D9700D291D8 /* Release */,
			);
			defaultConfigurationIsVisible = 0;
			defaultConfigurationName = Release;
		};
		890FC56D26012D9700D291D8 /* Build configuration list for PBXNativeTarget "BuyTunes" */ = {
			isa = XCConfigurationList;
			buildConfigurations = (
				890FC56E26012D9700D291D8 /* Debug */,
				890FC56F26012D9700D291D8 /* Release */,
			);
			defaultConfigurationIsVisible = 0;
			defaultConfigurationName = Release;
		};
/* End XCConfigurationList section */
	};
	rootObject = 890FC55E26012D9700D291D8 /* Project object */;
}
